
Microsoft Visual Studio Solution File, Format Version 12.00
# Visual Studio 15
VisualStudioVersion = 15.0.27703.2026
MinimumVisualStudioVersion = 10.0.40219.1
Project("{FAE04EC0-301F-11D3-BF4B-00C04F79EFBC}") = "MasterBot", "MasterBot\MasterBot.csproj", "{24D5733C-06A0-4E97-8655-B6EF81611C4F}"
EndProject
Global
	GlobalSection(SolutionConfigurationPlatforms) = preSolution
		Debug|Any CPU = Debug|Any CPU
		Release|Any CPU = Release|Any CPU
	EndGlobalSection
	GlobalSection(ProjectConfigurationPlatforms) = postSolution
		{24D5733C-06A0-4E97-8655-B6EF81611C4F}.Debug|Any CPU.ActiveCfg = Debug|Any CPU
		{24D5733C-06A0-4E97-8655-B6EF81611C4F}.Debug|Any CPU.Build.0 = Debug|Any CPU
		{24D5733C-06A0-4E97-8655-B6EF81611C4F}.Release|Any CPU.ActiveCfg = Release|Any CPU
		{24D5733C-06A0-4E97-8655-B6EF81611C4F}.Release|Any CPU.Build.0 = Release|Any CPU
	EndGlobalSection
	GlobalSection(SolutionProperties) = preSolution
		HideSolutionNode = FALSE
	EndGlobalSection
	GlobalSection(ExtensibilityGlobals) = postSolution
		SolutionGuid = {419BA537-C82F-4185-B1E7-E13D1F2AF993}
	EndGlobalSection
EndGlobal
